
Microsoft Visual Studio Solution File, Format Version 12.00
# Visual Studio 11
Project("{FAE04EC0-301F-11D3-BF4B-00C04F79EFBC}") = "OpenSyno.WinRT", "OpenSyno.WinRT\OpenSyno.WinRT.csproj", "{127B10E0-B362-49CE-A1EC-31E9ED95B26F}"
EndProject
Project("{FAE04EC0-301F-11D3-BF4B-00C04F79EFBC}") = "synotune", "Synotune\synotune.csproj", "{77852A4B-FC10-4A18-8AD8-698CA342AD25}"
EndProject
Global
	GlobalSection(SolutionConfigurationPlatforms) = preSolution
		Debug|Any CPU = Debug|Any CPU
		Release|Any CPU = Release|Any CPU
	EndGlobalSection
	GlobalSection(ProjectConfigurationPlatforms) = postSolution
		{127B10E0-B362-49CE-A1EC-31E9ED95B26F}.Debug|Any CPU.ActiveCfg = Debug|Any CPU
		{127B10E0-B362-49CE-A1EC-31E9ED95B26F}.Debug|Any CPU.Build.0 = Debug|Any CPU
		{127B10E0-B362-49CE-A1EC-31E9ED95B26F}.Release|Any CPU.ActiveCfg = Release|Any CPU
		{127B10E0-B362-49CE-A1EC-31E9ED95B26F}.Release|Any CPU.Build.0 = Release|Any CPU
		{77852A4B-FC10-4A18-8AD8-698CA342AD25}.Debug|Any CPU.ActiveCfg = Debug|Any CPU
		{77852A4B-FC10-4A18-8AD8-698CA342AD25}.Debug|Any CPU.Build.0 = Debug|Any CPU
		{77852A4B-FC10-4A18-8AD8-698CA342AD25}.Debug|Any CPU.Deploy.0 = Debug|Any CPU
		{77852A4B-FC10-4A18-8AD8-698CA342AD25}.Release|Any CPU.ActiveCfg = Release|Any CPU
		{77852A4B-FC10-4A18-8AD8-698CA342AD25}.Release|Any CPU.Build.0 = Release|Any CPU
		{77852A4B-FC10-4A18-8AD8-698CA342AD25}.Release|Any CPU.Deploy.0 = Release|Any CPU
	EndGlobalSection
	GlobalSection(SolutionProperties) = preSolution
		HideSolutionNode = FALSE
	EndGlobalSection
EndGlobal
